// !$*UTF8*$!
{
  archiveVersion = 1;
  classes = {};
  objectVersion = 56;
  objects = {

/* Begin PBXBuildFile section */
  7EB79E0539704440A81E89C1 = {isa=PBXBuildFile;fileRef=D6D33DB91645490D8E2B4786;};
  76531911116448B995D76D15 = {isa=PBXBuildFile;fileRef=2CCD1B226D9249AC82B7321F;};
  078475EBEE584D5592E06504 = {isa=PBXBuildFile;fileRef=6712BEAA3F20455C8CAB6AEC;};
  1D072B2FDDC64C36BA366E09 = {isa=PBXBuildFile;fileRef=3CD79C0682E5470F9270E2BD;};
  688CCAA9D0564064AA2A5910 = {isa=PBXBuildFile;fileRef=9C675B5B510E479BBA4CFCC1;};
  9B6D4BBCD3D74AB7BFDBE210 = {isa=PBXBuildFile;fileRef=06082207A28B43F4B9849CB4;};
  50248AE912EC48F4916ABE56 = {isa=PBXBuildFile;fileRef=FBAC346B58EF4DEBB00FB81D;};
    454515401B6C4019851681D9 = {isa=PBXBuildFile;fileRef=3D3E59B8D2204C07B1765BBD;};
  1C12337A242A46C9A0A144A1 = {isa=PBXBuildFile;fileRef=A3EA6939625545F0A0C2D380;};
  87798902118D4E0793EB70D0 = {isa=PBXBuildFile;fileRef=6D1DC84B6C63455AAA447BD8;};27F373BDC30EC792C0F412CA = {isa=PBXBuildFile;fileRef=5498CEAD28D4AF9E1E89F7C7;};
E424AB285B5F508E0FF41A4F = {isa=PBXBuildFile;fileRef=2D8034A49BC38314B5340F78;};
998AADBF69BC959B97F309F5 = {isa=PBXBuildFile;fileRef=CF15B42E5A4887B387A86F2C;};
87702F10E7F1651AEF3BEF9A = {isa=PBXBuildFile;fileRef=C81D941BAF118ED5DE44765A;};
6B2F85678C1254433E3A0A7E = {isa=PBXBuildFile;fileRef=C38DC162DBE595A85EE414AF;};
  90D63951D08EE5232515ECB5 = {isa=PBXBuildFile;fileRef=C425B24ECC38DE2A88ECAD5F;};
  00C4F3E0433227891194C6AB = {isa=PBXBuildFile;fileRef=FD87FC0391CDDB2776CE5BF0;};
  18F31D1DD3CF46E796923576 = {isa=PBXBuildFile;fileRef=7FA5F1E9EE924F53804ED1AD;};
  16C82EED89AE4889ADDAC89D = {isa=PBXBuildFile;fileRef=F72986045B414385A8A50AFC;};
  72053E72F86D4A3991B27004 = {isa=PBXBuildFile;fileRef=28FEEFAEADE24C39ABE6840A;};
  ED4C3953E67B460D90061F51 = {isa=PBXBuildFile;fileRef=DF0F2DC1734A4A93A4FEC9ED;};
  2F6BDDD381CD4DB29E75759E = {isa=PBXBuildFile;fileRef=899DFF1CE60E45078F4B048F;};
  00D7D8F73DA54FE49A8CCA76 = {isa=PBXBuildFile;fileRef=7FF9B2FD3C124ADD8865E7B8;};
  241C210504544310ABC34EE0 = {isa=PBXBuildFile;fileRef=8ADDDB71ADD149B3ABDA2D38;};
  BACC581DA47042CA93617608 = {isa=PBXBuildFile;fileRef=3547B493EF53485489FE4F8B;};
  664931700CA9436A894D3656 = {isa=PBXBuildFile;fileRef=384DA851223F4432B1001154;};
  30805EA63DAE4325AD515F40 = {isa=PBXBuildFile;fileRef=E6D0EB22067B457A8C9DF945;};
  EF03D1B06F354BAA87E63F5E = {isa=PBXBuildFile;fileRef=7555F8E056D540AE84656CBC;};
  F17AB5B3A57840D09C26F5FC = {isa=PBXBuildFile;fileRef=73BA1AFDE8C44A1A84665EBC;};
  27541B5EF5B54121BE29A78D = {isa=PBXBuildFile;fileRef=DCF1B9D112E3496189D50DAC;};
  79254615EA2B4DFB945E7444 = {isa=PBXBuildFile;fileRef=BCFC3F3D594D41688C28A1D2;};
  3F32F394BFA547F2BFCC1F72 = {isa=PBXBuildFile;fileRef=FAAEDB5C7FB347448F3EEB35;};
  68F1992EED594F56A4539660 = {isa=PBXBuildFile;fileRef=BF4D72EAB5674919BCED1C37;};
/* End PBXBuildFile section */

/* Begin PBXFileReference section */
  8F63057533E84490AA12BD70 = {isa=PBXFileReference;explicitFileType=wrapper.application;includeInIndex=0;path=WeatherHub.app;sourceTree=BUILT_PRODUCTS_DIR;};
  D4CE08BA55D34555BB599178 = {isa=PBXFileReference;lastKnownFileType=text.plist.xml;path=Info.plist;sourceTree="<group>";};
  BF4D72EAB5674919BCED1C37 = {isa=PBXFileReference;lastKnownFileType=folder.assetcatalog;path=Assets.xcassets;sourceTree="<group>";};
  D6D33DB91645490D8E2B4786 = {isa=PBXFileReference;lastKnownFileType=sourcecode.swift;path=CardWeatherEffect.swift;sourceTree="<group>";};
  2CCD1B226D9249AC82B7321F = {isa=PBXFileReference;lastKnownFileType=sourcecode.swift;path=Config.swift;sourceTree="<group>";};
  6712BEAA3F20455C8CAB6AEC = {isa=PBXFileReference;lastKnownFileType=sourcecode.swift;path=ContentView.swift;sourceTree="<group>";};
  3CD79C0682E5470F9270E2BD = {isa=PBXFileReference;lastKnownFileType=sourcecode.swift;path=FavoriteCitiesManager.swift;sourceTree="<group>";};
  9C675B5B510E479BBA4CFCC1 = {isa=PBXFileReference;lastKnownFileType=sourcecode.swift;path=IconColorHelpers.swift;sourceTree="<group>";};
  06082207A28B43F4B9849CB4 = {isa=PBXFileReference;lastKnownFileType=sourcecode.swift;path=LocationManager.swift;sourceTree="<group>";};
  FBAC346B58EF4DEBB00FB81D = {isa=PBXFileReference;lastKnownFileType=sourcecode.swift;path=OnboardingView.swift;sourceTree="<group>";};
    3D3E59B8D2204C07B1765BBD = {isa=PBXFileReference;lastKnownFileType=sourcecode.swift;path=SportProfile.swift;sourceTree="<group>";};
  A3EA6939625545F0A0C2D380 = {isa=PBXFileReference;lastKnownFileType=sourcecode.swift;path=SportProfileView.swift;sourceTree="<group>";};
  6D1DC84B6C63455AAA447BD8 = {isa=PBXFileReference;lastKnownFileType=sourcecode.swift;path=SportTabView.swift;sourceTree="<group>";};5498CEAD28D4AF9E1E89F7C7 = {isa=PBXFileReference;lastKnownFileType=sourcecode.swift;path=Cles.swift;sourceTree="<group>";};
2D8034A49BC38314B5340F78 = {isa=PBXFileReference;lastKnownFileType=sourcecode.swift;path=CielMetal.swift;sourceTree="<group>";};
CF15B42E5A4887B387A86F2C = {isa=PBXFileReference;lastKnownFileType=sourcecode.metal;path=Ciel.metal;sourceTree="<group>";};
C81D941BAF118ED5DE44765A = {isa=PBXFileReference;lastKnownFileType=sourcecode.metal;path=Effets.metal;sourceTree="<group>";};
C38DC162DBE595A85EE414AF = {isa=PBXFileReference;lastKnownFileType=sourcecode.swift;path=TuileMeteo.swift;sourceTree="<group>";};
  C425B24ECC38DE2A88ECAD5F = {isa=PBXFileReference;lastKnownFileType=sourcecode.swift;path=CarteTabView.swift;sourceTree="<group>";};
  FD87FC0391CDDB2776CE5BF0 = {isa=PBXFileReference;lastKnownFileType=sourcecode.swift;path=HoraireTabView.swift;sourceTree="<group>";};
  7FA5F1E9EE924F53804ED1AD = {isa=PBXFileReference;lastKnownFileType=sourcecode.swift;path=SportVenue.swift;sourceTree="<group>";};
  F72986045B414385A8A50AFC = {isa=PBXFileReference;lastKnownFileType=sourcecode.swift;path=SportsMapView.swift;sourceTree="<group>";};
  28FEEFAEADE24C39ABE6840A = {isa=PBXFileReference;lastKnownFileType=sourcecode.swift;path=SuggestionsTabView.swift;sourceTree="<group>";};
  DF0F2DC1734A4A93A4FEC9ED = {isa=PBXFileReference;lastKnownFileType=sourcecode.swift;path=UserAccount.swift;sourceTree="<group>";};
  899DFF1CE60E45078F4B048F = {isa=PBXFileReference;lastKnownFileType=sourcecode.swift;path=VersionHistory.swift;sourceTree="<group>";};
  7FF9B2FD3C124ADD8865E7B8 = {isa=PBXFileReference;lastKnownFileType=sourcecode.swift;path=WeatherBackground.swift;sourceTree="<group>";};
  8ADDDB71ADD149B3ABDA2D38 = {isa=PBXFileReference;lastKnownFileType=sourcecode.swift;path=WeatherCache.swift;sourceTree="<group>";};
  3547B493EF53485489FE4F8B = {isa=PBXFileReference;lastKnownFileType=sourcecode.swift;path=DetailMeteo.swift;sourceTree="<group>";};
  384DA851223F4432B1001154 = {isa=PBXFileReference;lastKnownFileType=sourcecode.swift;path=WeatherHubApp.swift;sourceTree="<group>";};
  E6D0EB22067B457A8C9DF945 = {isa=PBXFileReference;lastKnownFileType=sourcecode.swift;path=WeatherModels.swift;sourceTree="<group>";};
  7555F8E056D540AE84656CBC = {isa=PBXFileReference;lastKnownFileType=sourcecode.swift;path=WeatherService.swift;sourceTree="<group>";};
  73BA1AFDE8C44A1A84665EBC = {isa=PBXFileReference;lastKnownFileType=sourcecode.swift;path=WeatherServiceError.swift;sourceTree="<group>";};
  DCF1B9D112E3496189D50DAC = {isa=PBXFileReference;lastKnownFileType=sourcecode.swift;path=WeatherTabView.swift;sourceTree="<group>";};
  BCFC3F3D594D41688C28A1D2 = {isa=PBXFileReference;lastKnownFileType=sourcecode.swift;path=WeatherViewModel.swift;sourceTree="<group>";};
  FAAEDB5C7FB347448F3EEB35 = {isa=PBXFileReference;lastKnownFileType=sourcecode.swift;path=WhatsNewView.swift;sourceTree="<group>";};
/* End PBXFileReference section */

/* Begin PBXFrameworksBuildPhase section */
  CD4390D5FCB44D1FA523DE24 = {isa=PBXFrameworksBuildPhase;buildActionMask=2147483647;files=();runOnlyForDeploymentPostprocessing=0;};
/* End PBXFrameworksBuildPhase section */

/* Begin PBXGroup section */
  A3145D20408148499E8BCC63 = {isa=PBXGroup;children=(D1494C77AB8F4AE3AF97C821,579836FBC8F343ABB7370A20,);sourceTree="<group>";};
  579836FBC8F343ABB7370A20 = {isa=PBXGroup;children=(8F63057533E84490AA12BD70,);name=Products;sourceTree="<group>";};
  D1494C77AB8F4AE3AF97C821 = {isa=PBXGroup;children=(D6D33DB91645490D8E2B4786,2CCD1B226D9249AC82B7321F,6712BEAA3F20455C8CAB6AEC,3CD79C0682E5470F9270E2BD,9C675B5B510E479BBA4CFCC1,06082207A28B43F4B9849CB4,FBAC346B58EF4DEBB00FB81D,3D3E59B8D2204C07B1765BBD,A3EA6939625545F0A0C2D380,6D1DC84B6C63455AAA447BD8,5498CEAD28D4AF9E1E89F7C7,2D8034A49BC38314B5340F78,CF15B42E5A4887B387A86F2C,C81D941BAF118ED5DE44765A,C38DC162DBE595A85EE414AF,C425B24ECC38DE2A88ECAD5F,FD87FC0391CDDB2776CE5BF0,7FA5F1E9EE924F53804ED1AD,F72986045B414385A8A50AFC,28FEEFAEADE24C39ABE6840A,DF0F2DC1734A4A93A4FEC9ED,899DFF1CE60E45078F4B048F,7FF9B2FD3C124ADD8865E7B8,8ADDDB71ADD149B3ABDA2D38,3547B493EF53485489FE4F8B,384DA851223F4432B1001154,E6D0EB22067B457A8C9DF945,7555F8E056D540AE84656CBC,73BA1AFDE8C44A1A84665EBC,DCF1B9D112E3496189D50DAC,BCFC3F3D594D41688C28A1D2,FAAEDB5C7FB347448F3EEB35,D4CE08BA55D34555BB599178,BF4D72EAB5674919BCED1C37,);path=WeatherHub;sourceTree="<group>";};
/* End PBXGroup section */

/* Begin PBXNativeTarget section */
  AE886D07EC30462C88170743 = {isa=PBXNativeTarget;buildConfigurationList=09C3D9B68E374FD995D84AA9;buildPhases=(CD4390D5FCB44D1FA523DE24,B4EAEFF47E8E4CDCB0CFA90D,AF1016411731461DB5FDFA02,);buildRules=();dependencies=();name=WeatherHub;productName=WeatherHub;productReference=8F63057533E84490AA12BD70;productType="com.apple.product-type.application";};
/* End PBXNativeTarget section */

/* Begin PBXProject section */
  8FF6CC906AD04EFBB6DAB424 = {isa=PBXProject;buildConfigurationList=52BE47E25B384000BB873FFC;compatibilityVersion="Xcode 14.0";developmentRegion=fr;hasScannedForEncodings=0;knownRegions=(en,Base,);mainGroup=A3145D20408148499E8BCC63;productRefGroup=579836FBC8F343ABB7370A20;projectDirPath="";projectRoot="";targets=(AE886D07EC30462C88170743,);};
/* End PBXProject section */

/* Begin PBXResourcesBuildPhase section */
  AF1016411731461DB5FDFA02 = {isa=PBXResourcesBuildPhase;buildActionMask=2147483647;files=(68F1992EED594F56A4539660,);runOnlyForDeploymentPostprocessing=0;};
/* End PBXResourcesBuildPhase section */

/* Begin PBXSourcesBuildPhase section */
  B4EAEFF47E8E4CDCB0CFA90D = {isa=PBXSourcesBuildPhase;buildActionMask=2147483647;files=(7EB79E0539704440A81E89C1,76531911116448B995D76D15,078475EBEE584D5592E06504,1D072B2FDDC64C36BA366E09,688CCAA9D0564064AA2A5910,9B6D4BBCD3D74AB7BFDBE210,50248AE912EC48F4916ABE56,454515401B6C4019851681D9,1C12337A242A46C9A0A144A1,87798902118D4E0793EB70D0,27F373BDC30EC792C0F412CA,E424AB285B5F508E0FF41A4F,998AADBF69BC959B97F309F5,87702F10E7F1651AEF3BEF9A,6B2F85678C1254433E3A0A7E,90D63951D08EE5232515ECB5,00C4F3E0433227891194C6AB,18F31D1DD3CF46E796923576,16C82EED89AE4889ADDAC89D,72053E72F86D4A3991B27004,ED4C3953E67B460D90061F51,2F6BDDD381CD4DB29E75759E,00D7D8F73DA54FE49A8CCA76,241C210504544310ABC34EE0,BACC581DA47042CA93617608,664931700CA9436A894D3656,30805EA63DAE4325AD515F40,EF03D1B06F354BAA87E63F5E,F17AB5B3A57840D09C26F5FC,27541B5EF5B54121BE29A78D,79254615EA2B4DFB945E7444,3F32F394BFA547F2BFCC1F72,);runOnlyForDeploymentPostprocessing=0;};
/* End PBXSourcesBuildPhase section */

/* Begin XCBuildConfiguration section */
  FA5DCFC66EBC4988ADFA2A1F = {isa=XCBuildConfiguration;buildSettings={ALWAYS_SEARCH_USER_PATHS=NO;MACOSX_DEPLOYMENT_TARGET=14.0;SDKROOT=macosx;COPY_PHASE_STRIP=NO;DEBUG_INFORMATION_FORMAT=dwarf;ENABLE_TESTABILITY=YES;GCC_OPTIMIZATION_LEVEL=0;ONLY_ACTIVE_ARCH=YES;SWIFT_ACTIVE_COMPILATION_CONDITIONS=DEBUG;SWIFT_OPTIMIZATION_LEVEL="-Onone";};name=Debug;};
  777EBF0CB6454A028C3A02A6 = {isa=XCBuildConfiguration;buildSettings={ALWAYS_SEARCH_USER_PATHS=NO;MACOSX_DEPLOYMENT_TARGET=14.0;SDKROOT=macosx;DEBUG_INFORMATION_FORMAT="dwarf-with-dsym";ENABLE_NS_ASSERTIONS=NO;SWIFT_COMPILATION_MODE=wholemodule;SWIFT_OPTIMIZATION_LEVEL="-O";};name=Release;};
  7E59497CAE944172AF7BE3BC = {isa=XCBuildConfiguration;buildSettings={ASSETCATALOG_COMPILER_APPICON_NAME=AppIcon;CODE_SIGN_STYLE=Automatic;COMBINE_HIDPI_IMAGES=YES;INFOPLIST_FILE=WeatherHub/Info.plist;MACOSX_DEPLOYMENT_TARGET=14.0;PRODUCT_BUNDLE_IDENTIFIER="com.weatherhub.app";PRODUCT_NAME="$(TARGET_NAME)";SWIFT_EMIT_LOC_STRINGS=YES;SWIFT_VERSION=5.0;};name=Debug;};
  C584F584419C496DAAFB0CA0 = {isa=XCBuildConfiguration;buildSettings={ASSETCATALOG_COMPILER_APPICON_NAME=AppIcon;CODE_SIGN_STYLE=Automatic;COMBINE_HIDPI_IMAGES=YES;INFOPLIST_FILE=WeatherHub/Info.plist;MACOSX_DEPLOYMENT_TARGET=14.0;PRODUCT_BUNDLE_IDENTIFIER="com.weatherhub.app";PRODUCT_NAME="$(TARGET_NAME)";SWIFT_EMIT_LOC_STRINGS=YES;SWIFT_VERSION=5.0;};name=Release;};
/* End XCBuildConfiguration section */

/* Begin XCConfigurationList section */
  52BE47E25B384000BB873FFC = {isa=XCConfigurationList;buildConfigurations=(FA5DCFC66EBC4988ADFA2A1F,777EBF0CB6454A028C3A02A6,);defaultConfigurationIsVisible=0;defaultConfigurationName=Release;};
  09C3D9B68E374FD995D84AA9 = {isa=XCConfigurationList;buildConfigurations=(7E59497CAE944172AF7BE3BC,C584F584419C496DAAFB0CA0,);defaultConfigurationIsVisible=0;defaultConfigurationName=Release;};
/* End XCConfigurationList section */
  };
  rootObject = 8FF6CC906AD04EFBB6DAB424;
}